// !$*UTF8*$!
{
	archiveVersion = 1;
	classes = {
	};
	objectVersion = 46;
	objects = {

/* Begin PBXAggregateTarget section */
		348A20F35E40453A8F54C8A4 /* install */ = {
			isa = PBXAggregateTarget;
			buildConfigurationList = 8CF03CF1171B413AA8F48153 /* Build configuration list for PBXAggregateTarget "install" */;
			buildPhases = (
				63A6E9CC00ED4875AC8A715F /* CMake PostBuild Rules */,
			);
			dependencies = (
				FD47A1F23C6F48ED881DE836 /* PBXTargetDependency */,
			);
			name = install;
			productName = install;
		};
		547008948BA840FFBC22431E /* ZERO_CHECK */ = {
			isa = PBXAggregateTarget;
			buildConfigurationList = 6A7F0F0734124680B85876D7 /* Build configuration list for PBXAggregateTarget "ZERO_CHECK" */;
			buildPhases = (
				F616EB12C50D47BFB0217792 /* CMake Rules */,
			);
			dependencies = (
			);
			name = ZERO_CHECK;
			productName = ZERO_CHECK;
		};
		EA381B4AF473441CBBCDE7DC /* ALL_BUILD */ = {
			isa = PBXAggregateTarget;
			buildConfigurationList = B31445B72E054B1B87C7A7BC /* Build configuration list for PBXAggregateTarget "ALL_BUILD" */;
			buildPhases = (
				5EA68FCAD18845CCBBE39709 /* CMake Rules */,
			);
			dependencies = (
				CACF2AF900314C498146A5D0 /* PBXTargetDependency */,
				AFDD75246FF8410BB3D2232F /* PBXTargetDependency */,
			);
			name = ALL_BUILD;
			productName = ALL_BUILD;
		};
/* End PBXAggregateTarget section */

/* Begin PBXBuildFile section */
		6D85EB2555D9483AB1BF1BED /* /Users/chenzhen/UT/Research/Projects/Tools/libigl/external/glad/src/glad.c */ = {isa = PBXBuildFile; fileRef = 9FA41FB58C7544DB9EA15649 /* /Users/chenzhen/UT/Research/Projects/Tools/libigl/external/glad/src/glad.c */; };
		B650E39E1CC8488CA40CE216 /* /Users/chenzhen/UT/Research/Projects/Tools/libigl/external/glad/CMakeLists.txt */ = {isa = PBXBuildFile; fileRef = 2C7B06FFEFAF4D73BFAFE30C /* /Users/chenzhen/UT/Research/Projects/Tools/libigl/external/glad/CMakeLists.txt */; };
/* End PBXBuildFile section */

/* Begin PBXBuildStyle section */
		177B89DE4FCE4B409028FD22 /* Release */ = {
			isa = PBXBuildStyle;
			buildSettings = {
				COPY_PHASE_STRIP = NO;
			};
			name = Release;
		};
		E3841AE4D01C4E0BB1568B61 /* Debug */ = {
			isa = PBXBuildStyle;
			buildSettings = {
				COPY_PHASE_STRIP = NO;
			};
			name = Debug;
		};
		EFC090C0472C42F996E45861 /* RelWithDebInfo */ = {
			isa = PBXBuildStyle;
			buildSettings = {
				COPY_PHASE_STRIP = NO;
			};
			name = RelWithDebInfo;
		};
		FB9489BF11F74132A1485CCA /* MinSizeRel */ = {
			isa = PBXBuildStyle;
			buildSettings = {
				COPY_PHASE_STRIP = NO;
			};
			name = MinSizeRel;
		};
/* End PBXBuildStyle section */

/* Begin PBXContainerItemProxy section */
		5AD0B4E2FC2740D38DDF663A /* PBXContainerItemProxy */ = {
			isa = PBXContainerItemProxy;
			containerPortal = A27427404E80470194E0A39B /* Project object */;
			proxyType = 1;
			remoteGlobalIDString = 3ABC73ED0CA24E9DBCADEC3B;
			remoteInfo = glad;
		};
		827FFAE11872470AB6DA3BFE /* PBXContainerItemProxy */ = {
			isa = PBXContainerItemProxy;
			containerPortal = A27427404E80470194E0A39B /* Project object */;
			proxyType = 1;
			remoteGlobalIDString = EA381B4AF473441CBBCDE7DC;
			remoteInfo = ALL_BUILD;
		};
		8AE56EC38AB44421A4DC92A6 /* PBXContainerItemProxy */ = {
			isa = PBXContainerItemProxy;
			containerPortal = A27427404E80470194E0A39B /* Project object */;
			proxyType = 1;
			remoteGlobalIDString = 547008948BA840FFBC22431E;
			remoteInfo = ZERO_CHECK;
		};
		F5F8A41339214ADC968A2B83 /* PBXContainerItemProxy */ = {
			isa = PBXContainerItemProxy;
			containerPortal = A27427404E80470194E0A39B /* Project object */;
			proxyType = 1;
			remoteGlobalIDString = 547008948BA840FFBC22431E;
			remoteInfo = ZERO_CHECK;
		};
/* End PBXContainerItemProxy section */

/* Begin PBXFileReference section */
		18A1EE6D4F3B4C3699E4EBB4 /* /Users/chenzhen/UT/Research/Projects/Tools/libigl/external/glad/CMakeLists.txt */ = {isa = PBXFileReference; explicitFileType = sourcecode.text; fileEncoding = 4; name = CMakeLists.txt; path = CMakeLists.txt; sourceTree = SOURCE_ROOT; };
		2C7B06FFEFAF4D73BFAFE30C /* /Users/chenzhen/UT/Research/Projects/Tools/libigl/external/glad/CMakeLists.txt */ = {isa = PBXFileReference; explicitFileType = sourcecode.text; fileEncoding = 4; name = CMakeLists.txt; path = CMakeLists.txt; sourceTree = SOURCE_ROOT; };
		9FA41FB58C7544DB9EA15649 /* /Users/chenzhen/UT/Research/Projects/Tools/libigl/external/glad/src/glad.c */ = {isa = PBXFileReference; explicitFileType = sourcecode.c.c; fileEncoding = 4; name = glad.c; path = src/glad.c; sourceTree = SOURCE_ROOT; };
		BECFA98FD9CB44E0848681C1 /* glad */ = {isa = PBXFileReference; explicitFileType = archive.ar; path = libglad.a; sourceTree = BUILT_PRODUCTS_DIR; };
/* End PBXFileReference section */

/* Begin PBXGroup section */
		5BE14CCBE9C543B6BCF22B02 /* ALL_BUILD */ = {
			isa = PBXGroup;
			children = (
				CBC1C5B454BE4163B0EF3991 /* CMake Rules */,
				18A1EE6D4F3B4C3699E4EBB4 /* /Users/chenzhen/UT/Research/Projects/Tools/libigl/external/glad/CMakeLists.txt */,
			);
			name = ALL_BUILD;
			sourceTree = "<group>";
		};
		654A025F4D2B4E21B47E6D4E /* Source Files */ = {
			isa = PBXGroup;
			children = (
				9FA41FB58C7544DB9EA15649 /* /Users/chenzhen/UT/Research/Projects/Tools/libigl/external/glad/src/glad.c */,
			);
			name = "Source Files";
			sourceTree = "<group>";
		};
		7CA1B2ACCA8B47DF9C348875 /* Products */ = {
			isa = PBXGroup;
			children = (
				BECFA98FD9CB44E0848681C1 /* glad */,
			);
			name = Products;
			sourceTree = "<group>";
		};
		8033D4C3DAFF4DAE83CEA619 /* glad */ = {
			isa = PBXGroup;
			children = (
				654A025F4D2B4E21B47E6D4E /* Source Files */,
				2C7B06FFEFAF4D73BFAFE30C /* /Users/chenzhen/UT/Research/Projects/Tools/libigl/external/glad/CMakeLists.txt */,
			);
			name = glad;
			sourceTree = "<group>";
		};
		831AE875B2B64DB08508991B = {
			isa = PBXGroup;
			children = (
				8033D4C3DAFF4DAE83CEA619 /* glad */,
				5BE14CCBE9C543B6BCF22B02 /* ALL_BUILD */,
				7CA1B2ACCA8B47DF9C348875 /* Products */,
			);
			sourceTree = "<group>";
		};
		CBC1C5B454BE4163B0EF3991 /* CMake Rules */ = {
			isa = PBXGroup;
			children = (
			);
			name = "CMake Rules";
			sourceTree = "<group>";
		};
/* End PBXGroup section */

/* Begin PBXNativeTarget section */
		3ABC73ED0CA24E9DBCADEC3B /* glad */ = {
			isa = PBXNativeTarget;
			buildConfigurationList = 320EBA7FDC8148C1A8EB05CC /* Build configuration list for PBXNativeTarget "glad" */;
			buildPhases = (
				F284D707261E4D91B659E2F5 /* Sources */,
			);
			buildRules = (
			);
			dependencies = (
				BD1196BD87C84CA8B0212235 /* PBXTargetDependency */,
			);
			name = glad;
			productName = glad;
			productReference = BECFA98FD9CB44E0848681C1 /* glad */;
			productType = "com.apple.product-type.library.static";
		};
/* End PBXNativeTarget section */

/* Begin PBXProject section */
		A27427404E80470194E0A39B /* Project object */ = {
			isa = PBXProject;
			attributes = {
				BuildIndependentTargetsInParallel = YES;
				LastUpgradeCheck = 1020;
			};
			buildConfigurationList = 00812438AB1A40A095D00980 /* Build configuration list for PBXProject "glad" */;
			buildSettings = {
			};
			buildStyles = (
				E3841AE4D01C4E0BB1568B61 /* Debug */,
				177B89DE4FCE4B409028FD22 /* Release */,
				FB9489BF11F74132A1485CCA /* MinSizeRel */,
				EFC090C0472C42F996E45861 /* RelWithDebInfo */,
			);
			compatibilityVersion = "Xcode 3.2";
			hasScannedForEncodings = 0;
			mainGroup = 831AE875B2B64DB08508991B;
			projectDirPath = /Users/chenzhen/UT/Research/Projects/Tools/libigl/external/glad;
			projectRoot = "";
			targets = (
				EA381B4AF473441CBBCDE7DC /* ALL_BUILD */,
				547008948BA840FFBC22431E /* ZERO_CHECK */,
				3ABC73ED0CA24E9DBCADEC3B /* glad */,
				348A20F35E40453A8F54C8A4 /* install */,
			);
		};
/* End PBXProject section */

/* Begin PBXShellScriptBuildPhase section */
		0F7950FFF0B649548B8F73B9 = {
			isa = PBXShellScriptBuildPhase;
			buildActionMask = 2147483647;
			files = (
			);
			inputPaths = (
			);
			outputPaths = (
			);
			runOnlyForDeploymentPostprocessing = 0;
			shellPath = /bin/sh;
			shellScript = "# shell script goes here
exit 0";
			showEnvVarsInLog = 0;
		};
		5EA68FCAD18845CCBBE39709 /* CMake Rules */ = {
			isa = PBXShellScriptBuildPhase;
			buildActionMask = 2147483647;
			files = (
			);
			name = "CMake Rules";
			runOnlyForDeploymentPostprocessing = 0;
			shellPath = /bin/sh;
			shellScript = "make -C /Users/chenzhen/UT/Research/Projects/shellbenchmarks/build_Xcode/glad -f /Users/chenzhen/UT/Research/Projects/shellbenchmarks/build_Xcode/glad/CMakeScripts/ALL_BUILD_cmakeRulesBuildPhase.make$CONFIGURATION all";
			showEnvVarsInLog = 0;
		};
		63A6E9CC00ED4875AC8A715F /* CMake PostBuild Rules */ = {
			isa = PBXShellScriptBuildPhase;
			buildActionMask = 2147483647;
			files = (
			);
			name = "CMake PostBuild Rules";
			runOnlyForDeploymentPostprocessing = 0;
			shellPath = /bin/sh;
			shellScript = "make -C /Users/chenzhen/UT/Research/Projects/shellbenchmarks/build_Xcode/glad -f /Users/chenzhen/UT/Research/Projects/shellbenchmarks/build_Xcode/glad/CMakeScripts/install_postBuildPhase.make$CONFIGURATION all";
			showEnvVarsInLog = 0;
		};
		9BA75F61EB8E4ED4BFB9A95B = {
			isa = PBXShellScriptBuildPhase;
			buildActionMask = 2147483647;
			files = (
			);
			inputPaths = (
			);
			outputPaths = (
			);
			runOnlyForDeploymentPostprocessing = 0;
			shellPath = /bin/sh;
			shellScript = "# shell script goes here
exit 0";
			showEnvVarsInLog = 0;
		};
		A17C3DF79C9C44CB9AEF7453 = {
			isa = PBXShellScriptBuildPhase;
			buildActionMask = 2147483647;
			files = (
			);
			inputPaths = (
			);
			outputPaths = (
			);
			runOnlyForDeploymentPostprocessing = 0;
			shellPath = /bin/sh;
			shellScript = "# shell script goes here
exit 0";
			showEnvVarsInLog = 0;
		};
		F616EB12C50D47BFB0217792 /* CMake Rules */ = {
			isa = PBXShellScriptBuildPhase;
			buildActionMask = 2147483647;
			files = (
			);
			name = "CMake Rules";
			runOnlyForDeploymentPostprocessing = 0;
			shellPath = /bin/sh;
			shellScript = "make -C /Users/chenzhen/UT/Research/Projects/shellbenchmarks/build_Xcode/glad -f /Users/chenzhen/UT/Research/Projects/shellbenchmarks/build_Xcode/glad/CMakeScripts/ZERO_CHECK_cmakeRulesBuildPhase.make$CONFIGURATION all";
			showEnvVarsInLog = 0;
		};
/* End PBXShellScriptBuildPhase section */

/* Begin PBXSourcesBuildPhase section */
		F284D707261E4D91B659E2F5 /* Sources */ = {
			isa = PBXSourcesBuildPhase;
			buildActionMask = 2147483647;
			files = (
				6D85EB2555D9483AB1BF1BED /* /Users/chenzhen/UT/Research/Projects/Tools/libigl/external/glad/src/glad.c */,
			);
			runOnlyForDeploymentPostprocessing = 0;
		};
/* End PBXSourcesBuildPhase section */

/* Begin PBXTargetDependency section */
		AFDD75246FF8410BB3D2232F /* PBXTargetDependency */ = {
			isa = PBXTargetDependency;
			target = 3ABC73ED0CA24E9DBCADEC3B /* glad */;
			targetProxy = 5AD0B4E2FC2740D38DDF663A /* PBXContainerItemProxy */;
		};
		BD1196BD87C84CA8B0212235 /* PBXTargetDependency */ = {
			isa = PBXTargetDependency;
			target = 547008948BA840FFBC22431E /* ZERO_CHECK */;
			targetProxy = 8AE56EC38AB44421A4DC92A6 /* PBXContainerItemProxy */;
		};
		CACF2AF900314C498146A5D0 /* PBXTargetDependency */ = {
			isa = PBXTargetDependency;
			target = 547008948BA840FFBC22431E /* ZERO_CHECK */;
			targetProxy = F5F8A41339214ADC968A2B83 /* PBXContainerItemProxy */;
		};
		FD47A1F23C6F48ED881DE836 /* PBXTargetDependency */ = {
			isa = PBXTargetDependency;
			target = EA381B4AF473441CBBCDE7DC /* ALL_BUILD */;
			targetProxy = 827FFAE11872470AB6DA3BFE /* PBXContainerItemProxy */;
		};
/* End PBXTargetDependency section */

/* Begin XCBuildConfiguration section */
		12D82ECE25E045189808E6B6 /* MinSizeRel */ = {
			isa = XCBuildConfiguration;
			buildSettings = {
				COMBINE_HIDPI_IMAGES = YES;
				GCC_GENERATE_DEBUGGING_SYMBOLS = YES;
				GCC_INLINES_ARE_PRIVATE_EXTERN = NO;
				GCC_OPTIMIZATION_LEVEL = 0;
				GCC_PREPROCESSOR_DEFINITIONS = ("'CMAKE_INTDIR=\"$(CONFIGURATION)$(EFFECTIVE_PLATFORM_NAME)\"'");
				GCC_SYMBOLS_PRIVATE_EXTERN = NO;
				INSTALL_PATH = "";
				OTHER_LDFLAGS = " ";
				OTHER_REZFLAGS = "";
				PRODUCT_NAME = install;
				SECTORDER_FLAGS = "";
				SYMROOT = /Users/chenzhen/UT/Research/Projects/shellbenchmarks/build_Xcode/glad;
				USE_HEADERMAP = NO;
				WARNING_CFLAGS = ("-Wmost","-Wno-four-char-constants","-Wno-unknown-pragmas","$(inherited)");
			};
			name = MinSizeRel;
		};
		150D2417A7B943BB91250992 /* MinSizeRel */ = {
			isa = XCBuildConfiguration;
			buildSettings = {
				ONLY_ACTIVE_ARCH = YES;
				SDKROOT = /Applications/Xcode.app/Contents/Developer/Platforms/MacOSX.platform/Developer/SDKs/MacOSX10.14.sdk;
				SYMROOT = /Users/chenzhen/UT/Research/Projects/shellbenchmarks/build_Xcode/glad/build;
			};
			name = MinSizeRel;
		};
		166345A871EA4822A5448D15 /* MinSizeRel */ = {
			isa = XCBuildConfiguration;
			buildSettings = {
				COMBINE_HIDPI_IMAGES = YES;
				GCC_GENERATE_DEBUGGING_SYMBOLS = YES;
				GCC_INLINES_ARE_PRIVATE_EXTERN = NO;
				GCC_OPTIMIZATION_LEVEL = 0;
				GCC_PREPROCESSOR_DEFINITIONS = ("'CMAKE_INTDIR=\"$(CONFIGURATION)$(EFFECTIVE_PLATFORM_NAME)\"'");
				GCC_SYMBOLS_PRIVATE_EXTERN = NO;
				INSTALL_PATH = "";
				OTHER_LDFLAGS = " ";
				OTHER_REZFLAGS = "";
				PRODUCT_NAME = ALL_BUILD;
				SECTORDER_FLAGS = "";
				SYMROOT = /Users/chenzhen/UT/Research/Projects/shellbenchmarks/build_Xcode/glad;
				USE_HEADERMAP = NO;
				WARNING_CFLAGS = ("-Wmost","-Wno-four-char-constants","-Wno-unknown-pragmas","$(inherited)");
			};
			name = MinSizeRel;
		};
		1ABAE37F735E4D7190FBF005 /* MinSizeRel */ = {
			isa = XCBuildConfiguration;
			buildSettings = {
				COMBINE_HIDPI_IMAGES = YES;
				EXECUTABLE_PREFIX = lib;
				EXECUTABLE_SUFFIX = .a;
				GCC_GENERATE_DEBUGGING_SYMBOLS = NO;
				GCC_INLINES_ARE_PRIVATE_EXTERN = NO;
				GCC_OPTIMIZATION_LEVEL = s;
				GCC_PREPROCESSOR_DEFINITIONS = ("'CMAKE_INTDIR=\"$(CONFIGURATION)$(EFFECTIVE_PLATFORM_NAME)\"'");
				GCC_SYMBOLS_PRIVATE_EXTERN = NO;
				HEADER_SEARCH_PATHS = (/Users/chenzhen/UT/Research/Projects/Tools/libigl/external/glad/include);
				INSTALL_PATH = "";
				LIBRARY_STYLE = STATIC;
				OTHER_CFLAGS = " -fPIC     -DNDEBUG  ";
				OTHER_LIBTOOLFLAGS = " ";
				OTHER_REZFLAGS = "";
				PRODUCT_NAME = glad;
				SECTORDER_FLAGS = "";
				SYMROOT = /Users/chenzhen/UT/Research/Projects/shellbenchmarks/build_Xcode/glad;
				USE_HEADERMAP = NO;
				WARNING_CFLAGS = ("-Wmost","-Wno-four-char-constants","-Wno-unknown-pragmas","$(inherited)");
			};
			name = MinSizeRel;
		};
		1B715000720E41FBB1436572 /* Release */ = {
			isa = XCBuildConfiguration;
			buildSettings = {
				COMBINE_HIDPI_IMAGES = YES;
				GCC_GENERATE_DEBUGGING_SYMBOLS = YES;
				GCC_INLINES_ARE_PRIVATE_EXTERN = NO;
				GCC_OPTIMIZATION_LEVEL = 0;
				GCC_PREPROCESSOR_DEFINITIONS = ("'CMAKE_INTDIR=\"$(CONFIGURATION)$(EFFECTIVE_PLATFORM_NAME)\"'");
				GCC_SYMBOLS_PRIVATE_EXTERN = NO;
				INSTALL_PATH = "";
				OTHER_LDFLAGS = " ";
				OTHER_REZFLAGS = "";
				PRODUCT_NAME = ZERO_CHECK;
				SECTORDER_FLAGS = "";
				SYMROOT = /Users/chenzhen/UT/Research/Projects/shellbenchmarks/build_Xcode/glad;
				USE_HEADERMAP = NO;
				WARNING_CFLAGS = ("-Wmost","-Wno-four-char-constants","-Wno-unknown-pragmas","$(inherited)");
			};
			name = Release;
		};
		20506AB89C564BADBEB2E6A8 /* RelWithDebInfo */ = {
			isa = XCBuildConfiguration;
			buildSettings = {
				COMBINE_HIDPI_IMAGES = YES;
				EXECUTABLE_PREFIX = lib;
				EXECUTABLE_SUFFIX = .a;
				GCC_GENERATE_DEBUGGING_SYMBOLS = YES;
				GCC_INLINES_ARE_PRIVATE_EXTERN = NO;
				GCC_OPTIMIZATION_LEVEL = 2;
				GCC_PREPROCESSOR_DEFINITIONS = ("'CMAKE_INTDIR=\"$(CONFIGURATION)$(EFFECTIVE_PLATFORM_NAME)\"'");
				GCC_SYMBOLS_PRIVATE_EXTERN = NO;
				HEADER_SEARCH_PATHS = (/Users/chenzhen/UT/Research/Projects/Tools/libigl/external/glad/include);
				INSTALL_PATH = "";
				LIBRARY_STYLE = STATIC;
				OTHER_CFLAGS = " -fPIC        -DNDEBUG  ";
				OTHER_LIBTOOLFLAGS = " ";
				OTHER_REZFLAGS = "";
				PRODUCT_NAME = glad;
				SECTORDER_FLAGS = "";
				SYMROOT = /Users/chenzhen/UT/Research/Projects/shellbenchmarks/build_Xcode/glad;
				USE_HEADERMAP = NO;
				WARNING_CFLAGS = ("-Wmost","-Wno-four-char-constants","-Wno-unknown-pragmas","$(inherited)");
			};
			name = RelWithDebInfo;
		};
		4E89EC6FDCA446C0BE287982 /* Debug */ = {
			isa = XCBuildConfiguration;
			buildSettings = {
				COMBINE_HIDPI_IMAGES = YES;
				GCC_GENERATE_DEBUGGING_SYMBOLS = YES;
				GCC_INLINES_ARE_PRIVATE_EXTERN = NO;
				GCC_OPTIMIZATION_LEVEL = 0;
				GCC_PREPROCESSOR_DEFINITIONS = ("'CMAKE_INTDIR=\"$(CONFIGURATION)$(EFFECTIVE_PLATFORM_NAME)\"'");
				GCC_SYMBOLS_PRIVATE_EXTERN = NO;
				INSTALL_PATH = "";
				OTHER_LDFLAGS = " ";
				OTHER_REZFLAGS = "";
				PRODUCT_NAME = ZERO_CHECK;
				SECTORDER_FLAGS = "";
				SYMROOT = /Users/chenzhen/UT/Research/Projects/shellbenchmarks/build_Xcode/glad;
				USE_HEADERMAP = NO;
				WARNING_CFLAGS = ("-Wmost","-Wno-four-char-constants","-Wno-unknown-pragmas","$(inherited)");
			};
			name = Debug;
		};
		6348571FEC314C838862DE96 /* Release */ = {
			isa = XCBuildConfiguration;
			buildSettings = {
				COMBINE_HIDPI_IMAGES = YES;
				EXECUTABLE_PREFIX = lib;
				EXECUTABLE_SUFFIX = .a;
				GCC_GENERATE_DEBUGGING_SYMBOLS = NO;
				GCC_INLINES_ARE_PRIVATE_EXTERN = NO;
				GCC_OPTIMIZATION_LEVEL = 3;
				GCC_PREPROCESSOR_DEFINITIONS = ("'CMAKE_INTDIR=\"$(CONFIGURATION)$(EFFECTIVE_PLATFORM_NAME)\"'");
				GCC_SYMBOLS_PRIVATE_EXTERN = NO;
				HEADER_SEARCH_PATHS = (/Users/chenzhen/UT/Research/Projects/Tools/libigl/external/glad/include);
				INSTALL_PATH = "";
				LIBRARY_STYLE = STATIC;
				OTHER_CFLAGS = " -fPIC     -DNDEBUG  ";
				OTHER_LIBTOOLFLAGS = " ";
				OTHER_REZFLAGS = "";
				PRODUCT_NAME = glad;
				SECTORDER_FLAGS = "";
				SYMROOT = /Users/chenzhen/UT/Research/Projects/shellbenchmarks/build_Xcode/glad;
				USE_HEADERMAP = NO;
				WARNING_CFLAGS = ("-Wmost","-Wno-four-char-constants","-Wno-unknown-pragmas","$(inherited)");
			};
			name = Release;
		};
		65806E9101F94C82B48BE594 /* RelWithDebInfo */ = {
			isa = XCBuildConfiguration;
			buildSettings = {
				COMBINE_HIDPI_IMAGES = YES;
				GCC_GENERATE_DEBUGGING_SYMBOLS = YES;
				GCC_INLINES_ARE_PRIVATE_EXTERN = NO;
				GCC_OPTIMIZATION_LEVEL = 0;
				GCC_PREPROCESSOR_DEFINITIONS = ("'CMAKE_INTDIR=\"$(CONFIGURATION)$(EFFECTIVE_PLATFORM_NAME)\"'");
				GCC_SYMBOLS_PRIVATE_EXTERN = NO;
				INSTALL_PATH = "";
				OTHER_LDFLAGS = " ";
				OTHER_REZFLAGS = "";
				PRODUCT_NAME = install;
				SECTORDER_FLAGS = "";
				SYMROOT = /Users/chenzhen/UT/Research/Projects/shellbenchmarks/build_Xcode/glad;
				USE_HEADERMAP = NO;
				WARNING_CFLAGS = ("-Wmost","-Wno-four-char-constants","-Wno-unknown-pragmas","$(inherited)");
			};
			name = RelWithDebInfo;
		};
		6D36BED65528481580A12230 /* Debug */ = {
			isa = XCBuildConfiguration;
			buildSettings = {
				COMBINE_HIDPI_IMAGES = YES;
				EXECUTABLE_PREFIX = lib;
				EXECUTABLE_SUFFIX = .a;
				GCC_GENERATE_DEBUGGING_SYMBOLS = YES;
				GCC_INLINES_ARE_PRIVATE_EXTERN = NO;
				GCC_OPTIMIZATION_LEVEL = 0;
				GCC_PREPROCESSOR_DEFINITIONS = ("'CMAKE_INTDIR=\"$(CONFIGURATION)$(EFFECTIVE_PLATFORM_NAME)\"'");
				GCC_SYMBOLS_PRIVATE_EXTERN = NO;
				HEADER_SEARCH_PATHS = (/Users/chenzhen/UT/Research/Projects/Tools/libigl/external/glad/include);
				INSTALL_PATH = "";
				LIBRARY_STYLE = STATIC;
				OTHER_CFLAGS = " -fPIC     ";
				OTHER_LIBTOOLFLAGS = " ";
				OTHER_REZFLAGS = "";
				PRODUCT_NAME = glad;
				SECTORDER_FLAGS = "";
				SYMROOT = /Users/chenzhen/UT/Research/Projects/shellbenchmarks/build_Xcode/glad;
				USE_HEADERMAP = NO;
				WARNING_CFLAGS = ("-Wmost","-Wno-four-char-constants","-Wno-unknown-pragmas","$(inherited)");
			};
			name = Debug;
		};
		7C12177E159548A2A32C428B /* MinSizeRel */ = {
			isa = XCBuildConfiguration;
			buildSettings = {
				COMBINE_HIDPI_IMAGES = YES;
				GCC_GENERATE_DEBUGGING_SYMBOLS = YES;
				GCC_INLINES_ARE_PRIVATE_EXTERN = NO;
				GCC_OPTIMIZATION_LEVEL = 0;
				GCC_PREPROCESSOR_DEFINITIONS = ("'CMAKE_INTDIR=\"$(CONFIGURATION)$(EFFECTIVE_PLATFORM_NAME)\"'");
				GCC_SYMBOLS_PRIVATE_EXTERN = NO;
				INSTALL_PATH = "";
				OTHER_LDFLAGS = " ";
				OTHER_REZFLAGS = "";
				PRODUCT_NAME = ZERO_CHECK;
				SECTORDER_FLAGS = "";
				SYMROOT = /Users/chenzhen/UT/Research/Projects/shellbenchmarks/build_Xcode/glad;
				USE_HEADERMAP = NO;
				WARNING_CFLAGS = ("-Wmost","-Wno-four-char-constants","-Wno-unknown-pragmas","$(inherited)");
			};
			name = MinSizeRel;
		};
		8DF3F29213364491B297B4F4 /* RelWithDebInfo */ = {
			isa = XCBuildConfiguration;
			buildSettings = {
				COMBINE_HIDPI_IMAGES = YES;
				GCC_GENERATE_DEBUGGING_SYMBOLS = YES;
				GCC_INLINES_ARE_PRIVATE_EXTERN = NO;
				GCC_OPTIMIZATION_LEVEL = 0;
				GCC_PREPROCESSOR_DEFINITIONS = ("'CMAKE_INTDIR=\"$(CONFIGURATION)$(EFFECTIVE_PLATFORM_NAME)\"'");
				GCC_SYMBOLS_PRIVATE_EXTERN = NO;
				INSTALL_PATH = "";
				OTHER_LDFLAGS = " ";
				OTHER_REZFLAGS = "";
				PRODUCT_NAME = ALL_BUILD;
				SECTORDER_FLAGS = "";
				SYMROOT = /Users/chenzhen/UT/Research/Projects/shellbenchmarks/build_Xcode/glad;
				USE_HEADERMAP = NO;
				WARNING_CFLAGS = ("-Wmost","-Wno-four-char-constants","-Wno-unknown-pragmas","$(inherited)");
			};
			name = RelWithDebInfo;
		};
		9231ED8BD74C4829889261BA /* Release */ = {
			isa = XCBuildConfiguration;
			buildSettings = {
				ONLY_ACTIVE_ARCH = YES;
				SDKROOT = /Applications/Xcode.app/Contents/Developer/Platforms/MacOSX.platform/Developer/SDKs/MacOSX10.14.sdk;
				SYMROOT = /Users/chenzhen/UT/Research/Projects/shellbenchmarks/build_Xcode/glad/build;
			};
			name = Release;
		};
		A6104AA2DB2A41D8B3BE746E /* Debug */ = {
			isa = XCBuildConfiguration;
			buildSettings = {
				ONLY_ACTIVE_ARCH = YES;
				SDKROOT = /Applications/Xcode.app/Contents/Developer/Platforms/MacOSX.platform/Developer/SDKs/MacOSX10.14.sdk;
				SYMROOT = /Users/chenzhen/UT/Research/Projects/shellbenchmarks/build_Xcode/glad/build;
			};
			name = Debug;
		};
		B18EBCE30BFB4035A0D9C82E /* Debug */ = {
			isa = XCBuildConfiguration;
			buildSettings = {
				COMBINE_HIDPI_IMAGES = YES;
				GCC_GENERATE_DEBUGGING_SYMBOLS = YES;
				GCC_INLINES_ARE_PRIVATE_EXTERN = NO;
				GCC_OPTIMIZATION_LEVEL = 0;
				GCC_PREPROCESSOR_DEFINITIONS = ("'CMAKE_INTDIR=\"$(CONFIGURATION)$(EFFECTIVE_PLATFORM_NAME)\"'");
				GCC_SYMBOLS_PRIVATE_EXTERN = NO;
				INSTALL_PATH = "";
				OTHER_LDFLAGS = " ";
				OTHER_REZFLAGS = "";
				PRODUCT_NAME = ALL_BUILD;
				SECTORDER_FLAGS = "";
				SYMROOT = /Users/chenzhen/UT/Research/Projects/shellbenchmarks/build_Xcode/glad;
				USE_HEADERMAP = NO;
				WARNING_CFLAGS = ("-Wmost","-Wno-four-char-constants","-Wno-unknown-pragmas","$(inherited)");
			};
			name = Debug;
		};
		CDD518DB05FF498D81B201AF /* Release */ = {
			isa = XCBuildConfiguration;
			buildSettings = {
				COMBINE_HIDPI_IMAGES = YES;
				GCC_GENERATE_DEBUGGING_SYMBOLS = YES;
				GCC_INLINES_ARE_PRIVATE_EXTERN = NO;
				GCC_OPTIMIZATION_LEVEL = 0;
				GCC_PREPROCESSOR_DEFINITIONS = ("'CMAKE_INTDIR=\"$(CONFIGURATION)$(EFFECTIVE_PLATFORM_NAME)\"'");
				GCC_SYMBOLS_PRIVATE_EXTERN = NO;
				INSTALL_PATH = "";
				OTHER_LDFLAGS = " ";
				OTHER_REZFLAGS = "";
				PRODUCT_NAME = install;
				SECTORDER_FLAGS = "";
				SYMROOT = /Users/chenzhen/UT/Research/Projects/shellbenchmarks/build_Xcode/glad;
				USE_HEADERMAP = NO;
				WARNING_CFLAGS = ("-Wmost","-Wno-four-char-constants","-Wno-unknown-pragmas","$(inherited)");
			};
			name = Release;
		};
		D5BD1EDCF46E4985BF715E83 /* RelWithDebInfo */ = {
			isa = XCBuildConfiguration;
			buildSettings = {
				ONLY_ACTIVE_ARCH = YES;
				SDKROOT = /Applications/Xcode.app/Contents/Developer/Platforms/MacOSX.platform/Developer/SDKs/MacOSX10.14.sdk;
				SYMROOT = /Users/chenzhen/UT/Research/Projects/shellbenchmarks/build_Xcode/glad/build;
			};
			name = RelWithDebInfo;
		};
		D6095495298144198A253971 /* RelWithDebInfo */ = {
			isa = XCBuildConfiguration;
			buildSettings = {
				COMBINE_HIDPI_IMAGES = YES;
				GCC_GENERATE_DEBUGGING_SYMBOLS = YES;
				GCC_INLINES_ARE_PRIVATE_EXTERN = NO;
				GCC_OPTIMIZATION_LEVEL = 0;
				GCC_PREPROCESSOR_DEFINITIONS = ("'CMAKE_INTDIR=\"$(CONFIGURATION)$(EFFECTIVE_PLATFORM_NAME)\"'");
				GCC_SYMBOLS_PRIVATE_EXTERN = NO;
				INSTALL_PATH = "";
				OTHER_LDFLAGS = " ";
				OTHER_REZFLAGS = "";
				PRODUCT_NAME = ZERO_CHECK;
				SECTORDER_FLAGS = "";
				SYMROOT = /Users/chenzhen/UT/Research/Projects/shellbenchmarks/build_Xcode/glad;
				USE_HEADERMAP = NO;
				WARNING_CFLAGS = ("-Wmost","-Wno-four-char-constants","-Wno-unknown-pragmas","$(inherited)");
			};
			name = RelWithDebInfo;
		};
		F0CC5F6C96BE463280463FF1 /* Debug */ = {
			isa = XCBuildConfiguration;
			buildSettings = {
				COMBINE_HIDPI_IMAGES = YES;
				GCC_GENERATE_DEBUGGING_SYMBOLS = YES;
				GCC_INLINES_ARE_PRIVATE_EXTERN = NO;
				GCC_OPTIMIZATION_LEVEL = 0;
				GCC_PREPROCESSOR_DEFINITIONS = ("'CMAKE_INTDIR=\"$(CONFIGURATION)$(EFFECTIVE_PLATFORM_NAME)\"'");
				GCC_SYMBOLS_PRIVATE_EXTERN = NO;
				INSTALL_PATH = "";
				OTHER_LDFLAGS = " ";
				OTHER_REZFLAGS = "";
				PRODUCT_NAME = install;
				SECTORDER_FLAGS = "";
				SYMROOT = /Users/chenzhen/UT/Research/Projects/shellbenchmarks/build_Xcode/glad;
				USE_HEADERMAP = NO;
				WARNING_CFLAGS = ("-Wmost","-Wno-four-char-constants","-Wno-unknown-pragmas","$(inherited)");
			};
			name = Debug;
		};
		FBE430F4CC984F2CAD2C639D /* Release */ = {
			isa = XCBuildConfiguration;
			buildSettings = {
				COMBINE_HIDPI_IMAGES = YES;
				GCC_GENERATE_DEBUGGING_SYMBOLS = YES;
				GCC_INLINES_ARE_PRIVATE_EXTERN = NO;
				GCC_OPTIMIZATION_LEVEL = 0;
				GCC_PREPROCESSOR_DEFINITIONS = ("'CMAKE_INTDIR=\"$(CONFIGURATION)$(EFFECTIVE_PLATFORM_NAME)\"'");
				GCC_SYMBOLS_PRIVATE_EXTERN = NO;
				INSTALL_PATH = "";
				OTHER_LDFLAGS = " ";
				OTHER_REZFLAGS = "";
				PRODUCT_NAME = ALL_BUILD;
				SECTORDER_FLAGS = "";
				SYMROOT = /Users/chenzhen/UT/Research/Projects/shellbenchmarks/build_Xcode/glad;
				USE_HEADERMAP = NO;
				WARNING_CFLAGS = ("-Wmost","-Wno-four-char-constants","-Wno-unknown-pragmas","$(inherited)");
			};
			name = Release;
		};
/* End XCBuildConfiguration section */

/* Begin XCConfigurationList section */
		00812438AB1A40A095D00980 /* Build configuration list for PBXProject "glad" */ = {
			isa = XCConfigurationList;
			buildConfigurations = (
				A6104AA2DB2A41D8B3BE746E /* Debug */,
				9231ED8BD74C4829889261BA /* Release */,
				150D2417A7B943BB91250992 /* MinSizeRel */,
				D5BD1EDCF46E4985BF715E83 /* RelWithDebInfo */,
			);
			defaultConfigurationIsVisible = 0;
			defaultConfigurationName = Debug;
		};
		320EBA7FDC8148C1A8EB05CC /* Build configuration list for PBXNativeTarget "glad" */ = {
			isa = XCConfigurationList;
			buildConfigurations = (
				6D36BED65528481580A12230 /* Debug */,
				6348571FEC314C838862DE96 /* Release */,
				1ABAE37F735E4D7190FBF005 /* MinSizeRel */,
				20506AB89C564BADBEB2E6A8 /* RelWithDebInfo */,
			);
			defaultConfigurationIsVisible = 0;
			defaultConfigurationName = Debug;
		};
		6A7F0F0734124680B85876D7 /* Build configuration list for PBXAggregateTarget "ZERO_CHECK" */ = {
			isa = XCConfigurationList;
			buildConfigurations = (
				4E89EC6FDCA446C0BE287982 /* Debug */,
				1B715000720E41FBB1436572 /* Release */,
				7C12177E159548A2A32C428B /* MinSizeRel */,
				D6095495298144198A253971 /* RelWithDebInfo */,
			);
			defaultConfigurationIsVisible = 0;
			defaultConfigurationName = Debug;
		};
		8CF03CF1171B413AA8F48153 /* Build configuration list for PBXAggregateTarget "install" */ = {
			isa = XCConfigurationList;
			buildConfigurations = (
				F0CC5F6C96BE463280463FF1 /* Debug */,
				CDD518DB05FF498D81B201AF /* Release */,
				12D82ECE25E045189808E6B6 /* MinSizeRel */,
				65806E9101F94C82B48BE594 /* RelWithDebInfo */,
			);
			defaultConfigurationIsVisible = 0;
			defaultConfigurationName = Debug;
		};
		B31445B72E054B1B87C7A7BC /* Build configuration list for PBXAggregateTarget "ALL_BUILD" */ = {
			isa = XCConfigurationList;
			buildConfigurations = (
				B18EBCE30BFB4035A0D9C82E /* Debug */,
				FBE430F4CC984F2CAD2C639D /* Release */,
				166345A871EA4822A5448D15 /* MinSizeRel */,
				8DF3F29213364491B297B4F4 /* RelWithDebInfo */,
			);
			defaultConfigurationIsVisible = 0;
			defaultConfigurationName = Debug;
		};
/* End XCConfigurationList section */
	};
	rootObject = A27427404E80470194E0A39B /* Project object */;
}
